
Microsoft Visual Studio Solution File, Format Version 12.00
# Visual Studio 15
VisualStudioVersion = 15.0.28307.421
MinimumVisualStudioVersion = 10.0.40219.1
Project("{FAE04EC0-301F-11D3-BF4B-00C04F79EFBC}") = "ConsoleApp1", "ConsoleApp1\ConsoleApp1.csproj", "{CA2521F9-B820-480A-8A98-A4DE87E63EAA}"
EndProject
Project("{FAE04EC0-301F-11D3-BF4B-00C04F79EFBC}") = "ClassLibrary1", "ClassLibrary1\ClassLibrary1.csproj", "{B23E208E-E3EA-46E5-AE04-B604CA4F62DC}"
EndProject
Global
	GlobalSection(SolutionConfigurationPlatforms) = preSolution
		Debug|Any CPU = Debug|Any CPU
		Release|Any CPU = Release|Any CPU
	EndGlobalSection
	GlobalSection(ProjectConfigurationPlatforms) = postSolution
		{CA2521F9-B820-480A-8A98-A4DE87E63EAA}.Debug|Any CPU.ActiveCfg = Debug|Any CPU
		{CA2521F9-B820-480A-8A98-A4DE87E63EAA}.Debug|Any CPU.Build.0 = Debug|Any CPU
		{CA2521F9-B820-480A-8A98-A4DE87E63EAA}.Release|Any CPU.ActiveCfg = Release|Any CPU
		{CA2521F9-B820-480A-8A98-A4DE87E63EAA}.Release|Any CPU.Build.0 = Release|Any CPU
		{B23E208E-E3EA-46E5-AE04-B604CA4F62DC}.Debug|Any CPU.ActiveCfg = Debug|Any CPU
		{B23E208E-E3EA-46E5-AE04-B604CA4F62DC}.Debug|Any CPU.Build.0 = Debug|Any CPU
		{B23E208E-E3EA-46E5-AE04-B604CA4F62DC}.Release|Any CPU.ActiveCfg = Release|Any CPU
		{B23E208E-E3EA-46E5-AE04-B604CA4F62DC}.Release|Any CPU.Build.0 = Release|Any CPU
	EndGlobalSection
	GlobalSection(SolutionProperties) = preSolution
		HideSolutionNode = FALSE
	EndGlobalSection
	GlobalSection(ExtensibilityGlobals) = postSolution
		SolutionGuid = {3BDE87E2-A7A9-4436-9F79-2A9351D7228E}
	EndGlobalSection
EndGlobal
