
Microsoft Visual Studio Solution File, Format Version 12.00
# Visual Studio 15
VisualStudioVersion = 15.0.28307.421
MinimumVisualStudioVersion = 10.0.40219.1
Project("{FAE04EC0-301F-11D3-BF4B-00C04F79EFBC}") = "ConsoleApp1", "ConsoleApp1\ConsoleApp1.csproj", "{805B22B3-3E38-4607-B947-B7B33AB9BCC4}"
EndProject
Project("{FAE04EC0-301F-11D3-BF4B-00C04F79EFBC}") = "ClassLibrary1", "ClassLibrary1\ClassLibrary1.csproj", "{F1D0A22E-388A-4ABA-88FF-D94060C57F93}"
EndProject
Global
	GlobalSection(SolutionConfigurationPlatforms) = preSolution
		Debug|Any CPU = Debug|Any CPU
		Release|Any CPU = Release|Any CPU
	EndGlobalSection
	GlobalSection(ProjectConfigurationPlatforms) = postSolution
		{805B22B3-3E38-4607-B947-B7B33AB9BCC4}.Debug|Any CPU.ActiveCfg = Debug|Any CPU
		{805B22B3-3E38-4607-B947-B7B33AB9BCC4}.Debug|Any CPU.Build.0 = Debug|Any CPU
		{805B22B3-3E38-4607-B947-B7B33AB9BCC4}.Release|Any CPU.ActiveCfg = Release|Any CPU
		{805B22B3-3E38-4607-B947-B7B33AB9BCC4}.Release|Any CPU.Build.0 = Release|Any CPU
		{F1D0A22E-388A-4ABA-88FF-D94060C57F93}.Debug|Any CPU.ActiveCfg = Debug|Any CPU
		{F1D0A22E-388A-4ABA-88FF-D94060C57F93}.Debug|Any CPU.Build.0 = Debug|Any CPU
		{F1D0A22E-388A-4ABA-88FF-D94060C57F93}.Release|Any CPU.ActiveCfg = Release|Any CPU
		{F1D0A22E-388A-4ABA-88FF-D94060C57F93}.Release|Any CPU.Build.0 = Release|Any CPU
	EndGlobalSection
	GlobalSection(SolutionProperties) = preSolution
		HideSolutionNode = FALSE
	EndGlobalSection
	GlobalSection(ExtensibilityGlobals) = postSolution
		SolutionGuid = {5AF44C64-2847-4FFB-8D98-7F80806FC8F1}
	EndGlobalSection
EndGlobal
