
Microsoft Visual Studio Solution File, Format Version 12.00
# Visual Studio 15
VisualStudioVersion = 15.0.28307.421
MinimumVisualStudioVersion = 10.0.40219.1
Project("{FAE04EC0-301F-11D3-BF4B-00C04F79EFBC}") = "ConsoleApp2", "ConsoleApp2\ConsoleApp2.csproj", "{C0B0CF64-FA79-4212-A596-09F67935C834}"
EndProject
Project("{FAE04EC0-301F-11D3-BF4B-00C04F79EFBC}") = "ClassLibraryExercise", "ClassLibraryExercise\ClassLibraryExercise.csproj", "{E4AA9231-A6D9-42A2-B1A9-998DA22A0B2E}"
EndProject
Global
	GlobalSection(SolutionConfigurationPlatforms) = preSolution
		Debug|Any CPU = Debug|Any CPU
		Release|Any CPU = Release|Any CPU
	EndGlobalSection
	GlobalSection(ProjectConfigurationPlatforms) = postSolution
		{C0B0CF64-FA79-4212-A596-09F67935C834}.Debug|Any CPU.ActiveCfg = Debug|Any CPU
		{C0B0CF64-FA79-4212-A596-09F67935C834}.Debug|Any CPU.Build.0 = Debug|Any CPU
		{C0B0CF64-FA79-4212-A596-09F67935C834}.Release|Any CPU.ActiveCfg = Release|Any CPU
		{C0B0CF64-FA79-4212-A596-09F67935C834}.Release|Any CPU.Build.0 = Release|Any CPU
		{E4AA9231-A6D9-42A2-B1A9-998DA22A0B2E}.Debug|Any CPU.ActiveCfg = Debug|Any CPU
		{E4AA9231-A6D9-42A2-B1A9-998DA22A0B2E}.Debug|Any CPU.Build.0 = Debug|Any CPU
		{E4AA9231-A6D9-42A2-B1A9-998DA22A0B2E}.Release|Any CPU.ActiveCfg = Release|Any CPU
		{E4AA9231-A6D9-42A2-B1A9-998DA22A0B2E}.Release|Any CPU.Build.0 = Release|Any CPU
	EndGlobalSection
	GlobalSection(SolutionProperties) = preSolution
		HideSolutionNode = FALSE
	EndGlobalSection
	GlobalSection(ExtensibilityGlobals) = postSolution
		SolutionGuid = {4677FEDE-24D9-488F-905D-76052EA46A59}
	EndGlobalSection
EndGlobal
